
Microsoft Visual Studio Solution File, Format Version 12.00
# Visual Studio 15
VisualStudioVersion = 15.0.26730.12
MinimumVisualStudioVersion = 10.0.40219.1
Project("{9092AA53-FB77-4645-B42D-1CCCA6BD08BD}") = "elements-node-rpc", "elements-node-rpc.njsproj", "{DC59619D-8CE2-4CF0-9659-9847EA7F865A}"
EndProject
Global
	GlobalSection(SolutionConfigurationPlatforms) = preSolution
		Debug|Any CPU = Debug|Any CPU
		Release|Any CPU = Release|Any CPU
	EndGlobalSection
	GlobalSection(ProjectConfigurationPlatforms) = postSolution
		{DC59619D-8CE2-4CF0-9659-9847EA7F865A}.Debug|Any CPU.ActiveCfg = Debug|Any CPU
		{DC59619D-8CE2-4CF0-9659-9847EA7F865A}.Debug|Any CPU.Build.0 = Debug|Any CPU
		{DC59619D-8CE2-4CF0-9659-9847EA7F865A}.Release|Any CPU.ActiveCfg = Release|Any CPU
		{DC59619D-8CE2-4CF0-9659-9847EA7F865A}.Release|Any CPU.Build.0 = Release|Any CPU
	EndGlobalSection
	GlobalSection(SolutionProperties) = preSolution
		HideSolutionNode = FALSE
	EndGlobalSection
	GlobalSection(ExtensibilityGlobals) = postSolution
		SolutionGuid = {7144D861-2483-43BB-BFA1-E636E22D7AF1}
	EndGlobalSection
EndGlobal
